
Microsoft Visual Studio Solution File, Format Version 12.00
# Visual Studio Version 16
VisualStudioVersion = 16.0.31005.135
MinimumVisualStudioVersion = 10.0.40219.1
Project("{9A19103F-16F7-4668-BE54-9A1E7A4F7556}") = "CurrencyCalculatorApi", "CurrencyCalculatorApi\CurrencyCalculatorApi.csproj", "{2F5EBCD2-90E4-4156-904F-BD2663752A0D}"
EndProject
Project("{FAE04EC0-301F-11D3-BF4B-00C04F79EFBC}") = "CurrencyCalculatorApi.Tests", "CurrencyCalculatorApi.Tests\CurrencyCalculatorApi.Tests.csproj", "{389A13EC-FED3-421F-AD36-041161C3ECAD}"
EndProject
Global
	GlobalSection(SolutionConfigurationPlatforms) = preSolution
		Debug|Any CPU = Debug|Any CPU
		Release|Any CPU = Release|Any CPU
	EndGlobalSection
	GlobalSection(ProjectConfigurationPlatforms) = postSolution
		{2F5EBCD2-90E4-4156-904F-BD2663752A0D}.Debug|Any CPU.ActiveCfg = Debug|Any CPU
		{2F5EBCD2-90E4-4156-904F-BD2663752A0D}.Debug|Any CPU.Build.0 = Debug|Any CPU
		{2F5EBCD2-90E4-4156-904F-BD2663752A0D}.Release|Any CPU.ActiveCfg = Release|Any CPU
		{2F5EBCD2-90E4-4156-904F-BD2663752A0D}.Release|Any CPU.Build.0 = Release|Any CPU
		{389A13EC-FED3-421F-AD36-041161C3ECAD}.Debug|Any CPU.ActiveCfg = Debug|Any CPU
		{389A13EC-FED3-421F-AD36-041161C3ECAD}.Debug|Any CPU.Build.0 = Debug|Any CPU
		{389A13EC-FED3-421F-AD36-041161C3ECAD}.Release|Any CPU.ActiveCfg = Release|Any CPU
		{389A13EC-FED3-421F-AD36-041161C3ECAD}.Release|Any CPU.Build.0 = Release|Any CPU
	EndGlobalSection
	GlobalSection(SolutionProperties) = preSolution
		HideSolutionNode = FALSE
	EndGlobalSection
	GlobalSection(ExtensibilityGlobals) = postSolution
		SolutionGuid = {EFEE09EC-B192-4F95-A5B3-96CB316F93AA}
	EndGlobalSection
EndGlobal
